// !$*UTF8*$!
{
	archiveVersion = 1;
	classes = {
	};
	objectVersion = 46;
	objects = {

/* Begin PBXBuildFile section */
		5E05A1CA1AD44E11000AF4D0 /* main.m in Sources */ = {isa = PBXBuildFile; fileRef = 5E05A1C91AD44E11000AF4D0 /* main.m */; };
		5E05A1CD1AD44E11000AF4D0 /* AppDelegate.m in Sources */ = {isa = PBXBuildFile; fileRef = 5E05A1CC1AD44E11000AF4D0 /* AppDelegate.m */; };
		5E05A1D31AD44E11000AF4D0 /* Main.storyboard in Resources */ = {isa = PBXBuildFile; fileRef = 5E05A1D11AD44E11000AF4D0 /* Main.storyboard */; };
		5E05A1D51AD44E11000AF4D0 /* Images.xcassets in Resources */ = {isa = PBXBuildFile; fileRef = 5E05A1D41AD44E11000AF4D0 /* Images.xcassets */; };
		5E05A1D81AD44E11000AF4D0 /* LaunchScreen.xib in Resources */ = {isa = PBXBuildFile; fileRef = 5E05A1D61AD44E11000AF4D0 /* LaunchScreen.xib */; };
		5E05A1E41AD44E11000AF4D0 /* DonationTests.m in Sources */ = {isa = PBXBuildFile; fileRef = 5E05A1E31AD44E11000AF4D0 /* DonationTests.m */; };
		5E05A1F01AD44E79000AF4D0 /* ViewController.m in Sources */ = {isa = PBXBuildFile; fileRef = 5E05A1EF1AD44E79000AF4D0 /* ViewController.m */; };
		5E05A1F31AD44EA7000AF4D0 /* MainViewController.m in Sources */ = {isa = PBXBuildFile; fileRef = 5E05A1F21AD44EA7000AF4D0 /* MainViewController.m */; };
/* End PBXBuildFile section */

/* Begin PBXContainerItemProxy section */
		5E05A1DE1AD44E11000AF4D0 /* PBXContainerItemProxy */ = {
			isa = PBXContainerItemProxy;
			containerPortal = 5E05A1BC1AD44E10000AF4D0 /* Project object */;
			proxyType = 1;
			remoteGlobalIDString = 5E05A1C31AD44E10000AF4D0;
			remoteInfo = Donation;
		};
/* End PBXContainerItemProxy section */

/* Begin PBXFileReference section */
		5E05A1C41AD44E11000AF4D0 /* Donation.app */ = {isa = PBXFileReference; explicitFileType = wrapper.application; includeInIndex = 0; path = Donation.app; sourceTree = BUILT_PRODUCTS_DIR; };
		5E05A1C81AD44E11000AF4D0 /* Info.plist */ = {isa = PBXFileReference; lastKnownFileType = text.plist.xml; path = Info.plist; sourceTree = "<group>"; };
		5E05A1C91AD44E11000AF4D0 /* main.m */ = {isa = PBXFileReference; lastKnownFileType = sourcecode.c.objc; path = main.m; sourceTree = "<group>"; };
		5E05A1CB1AD44E11000AF4D0 /* AppDelegate.h */ = {isa = PBXFileReference; lastKnownFileType = sourcecode.c.h; path = AppDelegate.h; sourceTree = "<group>"; };
		5E05A1CC1AD44E11000AF4D0 /* AppDelegate.m */ = {isa = PBXFileReference; lastKnownFileType = sourcecode.c.objc; path = AppDelegate.m; sourceTree = "<group>"; };
		5E05A1D21AD44E11000AF4D0 /* Base */ = {isa = PBXFileReference; lastKnownFileType = file.storyboard; name = Base; path = Base.lproj/Main.storyboard; sourceTree = "<group>"; };
		5E05A1D41AD44E11000AF4D0 /* Images.xcassets */ = {isa = PBXFileReference; lastKnownFileType = folder.assetcatalog; path = Images.xcassets; sourceTree = "<group>"; };
		5E05A1D71AD44E11000AF4D0 /* Base */ = {isa = PBXFileReference; lastKnownFileType = file.xib; name = Base; path = Base.lproj/LaunchScreen.xib; sourceTree = "<group>"; };
		5E05A1DD1AD44E11000AF4D0 /* DonationTests.xctest */ = {isa = PBXFileReference; explicitFileType = wrapper.cfbundle; includeInIndex = 0; path = DonationTests.xctest; sourceTree = BUILT_PRODUCTS_DIR; };
		5E05A1E21AD44E11000AF4D0 /* Info.plist */ = {isa = PBXFileReference; lastKnownFileType = text.plist.xml; path = Info.plist; sourceTree = "<group>"; };
		5E05A1E31AD44E11000AF4D0 /* DonationTests.m */ = {isa = PBXFileReference; lastKnownFileType = sourcecode.c.objc; path = DonationTests.m; sourceTree = "<group>"; };
		5E05A1EE1AD44E79000AF4D0 /* ViewController.h */ = {isa = PBXFileReference; fileEncoding = 4; lastKnownFileType = sourcecode.c.h; name = ViewController.h; path = Classes/ViewController.h; sourceTree = "<group>"; };
		5E05A1EF1AD44E79000AF4D0 /* ViewController.m */ = {isa = PBXFileReference; fileEncoding = 4; lastKnownFileType = sourcecode.c.objc; name = ViewController.m; path = Classes/ViewController.m; sourceTree = "<group>"; };
		5E05A1F11AD44EA7000AF4D0 /* MainViewController.h */ = {isa = PBXFileReference; fileEncoding = 4; lastKnownFileType = sourcecode.c.h; name = MainViewController.h; path = Classes/MainViewController.h; sourceTree = "<group>"; };
		5E05A1F21AD44EA7000AF4D0 /* MainViewController.m */ = {isa = PBXFileReference; fileEncoding = 4; lastKnownFileType = sourcecode.c.objc; name = MainViewController.m; path = Classes/MainViewController.m; sourceTree = "<group>"; };
/* End PBXFileReference section */

/* Begin PBXFrameworksBuildPhase section */
		5E05A1C11AD44E10000AF4D0 /* Frameworks */ = {
			isa = PBXFrameworksBuildPhase;
			buildActionMask = 2147483647;
			files = (
			);
			runOnlyForDeploymentPostprocessing = 0;
		};
		5E05A1DA1AD44E11000AF4D0 /* Frameworks */ = {
			isa = PBXFrameworksBuildPhase;
			buildActionMask = 2147483647;
			files = (
			);
			runOnlyForDeploymentPostprocessing = 0;
		};
/* End PBXFrameworksBuildPhase section */

/* Begin PBXGroup section */
		5E05A1BB1AD44E10000AF4D0 = {
			isa = PBXGroup;
			children = (
				5E05A1C61AD44E11000AF4D0 /* Donation */,
				5E05A1E01AD44E11000AF4D0 /* DonationTests */,
				5E05A1C51AD44E11000AF4D0 /* Products */,
			);
			sourceTree = "<group>";
		};
		5E05A1C51AD44E11000AF4D0 /* Products */ = {
			isa = PBXGroup;
			children = (
				5E05A1C41AD44E11000AF4D0 /* Donation.app */,
				5E05A1DD1AD44E11000AF4D0 /* DonationTests.xctest */,
			);
			name = Products;
			sourceTree = "<group>";
		};
		5E05A1C61AD44E11000AF4D0 /* Donation */ = {
			isa = PBXGroup;
			children = (
				5E05A1F41AD44EC2000AF4D0 /* Classes */,
				5E05A1CB1AD44E11000AF4D0 /* AppDelegate.h */,
				5E05A1CC1AD44E11000AF4D0 /* AppDelegate.m */,
				5E05A1D11AD44E11000AF4D0 /* Main.storyboard */,
				5E05A1D41AD44E11000AF4D0 /* Images.xcassets */,
				5E05A1D61AD44E11000AF4D0 /* LaunchScreen.xib */,
				5E05A1C71AD44E11000AF4D0 /* Supporting Files */,
			);
			path = Donation;
			sourceTree = "<group>";
		};
		5E05A1C71AD44E11000AF4D0 /* Supporting Files */ = {
			isa = PBXGroup;
			children = (
				5E05A1C81AD44E11000AF4D0 /* Info.plist */,
				5E05A1C91AD44E11000AF4D0 /* main.m */,
			);
			name = "Supporting Files";
			sourceTree = "<group>";
		};
		5E05A1E01AD44E11000AF4D0 /* DonationTests */ = {
			isa = PBXGroup;
			children = (
				5E05A1E31AD44E11000AF4D0 /* DonationTests.m */,
				5E05A1E11AD44E11000AF4D0 /* Supporting Files */,
			);
			path = DonationTests;
			sourceTree = "<group>";
		};
		5E05A1E11AD44E11000AF4D0 /* Supporting Files */ = {
			isa = PBXGroup;
			children = (
				5E05A1E21AD44E11000AF4D0 /* Info.plist */,
			);
			name = "Supporting Files";
			sourceTree = "<group>";
		};
		5E05A1F41AD44EC2000AF4D0 /* Classes */ = {
			isa = PBXGroup;
			children = (
				5E05A1EE1AD44E79000AF4D0 /* ViewController.h */,
				5E05A1EF1AD44E79000AF4D0 /* ViewController.m */,
				5E05A1F11AD44EA7000AF4D0 /* MainViewController.h */,
				5E05A1F21AD44EA7000AF4D0 /* MainViewController.m */,
			);
			name = Classes;
			sourceTree = "<group>";
		};
/* End PBXGroup section */

/* Begin PBXNativeTarget section */
		5E05A1C31AD44E10000AF4D0 /* Donation */ = {
			isa = PBXNativeTarget;
			buildConfigurationList = 5E05A1E71AD44E11000AF4D0 /* Build configuration list for PBXNativeTarget "Donation" */;
			buildPhases = (
				5E05A1C01AD44E10000AF4D0 /* Sources */,
				5E05A1C11AD44E10000AF4D0 /* Frameworks */,
				5E05A1C21AD44E10000AF4D0 /* Resources */,
			);
			buildRules = (
			);
			dependencies = (
			);
			name = Donation;
			productName = Donation;
			productReference = 5E05A1C41AD44E11000AF4D0 /* Donation.app */;
			productType = "com.apple.product-type.application";
		};
		5E05A1DC1AD44E11000AF4D0 /* DonationTests */ = {
			isa = PBXNativeTarget;
			buildConfigurationList = 5E05A1EA1AD44E11000AF4D0 /* Build configuration list for PBXNativeTarget "DonationTests" */;
			buildPhases = (
				5E05A1D91AD44E11000AF4D0 /* Sources */,
				5E05A1DA1AD44E11000AF4D0 /* Frameworks */,
				5E05A1DB1AD44E11000AF4D0 /* Resources */,
			);
			buildRules = (
			);
			dependencies = (
				5E05A1DF1AD44E11000AF4D0 /* PBXTargetDependency */,
			);
			name = DonationTests;
			productName = DonationTests;
			productReference = 5E05A1DD1AD44E11000AF4D0 /* DonationTests.xctest */;
			productType = "com.apple.product-type.bundle.unit-test";
		};
/* End PBXNativeTarget section */

/* Begin PBXProject section */
		5E05A1BC1AD44E10000AF4D0 /* Project object */ = {
			isa = PBXProject;
			attributes = {
				LastUpgradeCheck = 0610;
				ORGANIZATIONNAME = "sudheer kumar";
				TargetAttributes = {
					5E05A1C31AD44E10000AF4D0 = {
						CreatedOnToolsVersion = 6.1;
					};
					5E05A1DC1AD44E11000AF4D0 = {
						CreatedOnToolsVersion = 6.1;
						TestTargetID = 5E05A1C31AD44E10000AF4D0;
					};
				};
			};
			buildConfigurationList = 5E05A1BF1AD44E10000AF4D0 /* Build configuration list for PBXProject "Donation" */;
			compatibilityVersion = "Xcode 3.2";
			developmentRegion = English;
			hasScannedForEncodings = 0;
			knownRegions = (
				en,
				Base,
			);
			mainGroup = 5E05A1BB1AD44E10000AF4D0;
			productRefGroup = 5E05A1C51AD44E11000AF4D0 /* Products */;
			projectDirPath = "";
			projectRoot = "";
			targets = (
				5E05A1C31AD44E10000AF4D0 /* Donation */,
				5E05A1DC1AD44E11000AF4D0 /* DonationTests */,
			);
		};
/* End PBXProject section */

/* Begin PBXResourcesBuildPhase section */
		5E05A1C21AD44E10000AF4D0 /* Resources */ = {
			isa = PBXResourcesBuildPhase;
			buildActionMask = 2147483647;
			files = (
				5E05A1D31AD44E11000AF4D0 /* Main.storyboard in Resources */,
				5E05A1D81AD44E11000AF4D0 /* LaunchScreen.xib in Resources */,
				5E05A1D51AD44E11000AF4D0 /* Images.xcassets in Resources */,
			);
			runOnlyForDeploymentPostprocessing = 0;
		};
		5E05A1DB1AD44E11000AF4D0 /* Resources */ = {
			isa = PBXResourcesBuildPhase;
			buildActionMask = 2147483647;
			files = (
			);
			runOnlyForDeploymentPostprocessing = 0;
		};
/* End PBXResourcesBuildPhase section */

/* Begin PBXSourcesBuildPhase section */
		5E05A1C01AD44E10000AF4D0 /* Sources */ = {
			isa = PBXSourcesBuildPhase;
			buildActionMask = 2147483647;
			files = (
				5E05A1CD1AD44E11000AF4D0 /* AppDelegate.m in Sources */,
				5E05A1F01AD44E79000AF4D0 /* ViewController.m in Sources */,
				5E05A1CA1AD44E11000AF4D0 /* main.m in Sources */,
				5E05A1F31AD44EA7000AF4D0 /* MainViewController.m in Sources */,
			);
			runOnlyForDeploymentPostprocessing = 0;
		};
		5E05A1D91AD44E11000AF4D0 /* Sources */ = {
			isa = PBXSourcesBuildPhase;
			buildActionMask = 2147483647;
			files = (
				5E05A1E41AD44E11000AF4D0 /* DonationTests.m in Sources */,
			);
			runOnlyForDeploymentPostprocessing = 0;
		};
/* End PBXSourcesBuildPhase section */

/* Begin PBXTargetDependency section */
		5E05A1DF1AD44E11000AF4D0 /* PBXTargetDependency */ = {
			isa = PBXTargetDependency;
			target = 5E05A1C31AD44E10000AF4D0 /* Donation */;
			targetProxy = 5E05A1DE1AD44E11000AF4D0 /* PBXContainerItemProxy */;
		};
/* End PBXTargetDependency section */

/* Begin PBXVariantGroup section */
		5E05A1D11AD44E11000AF4D0 /* Main.storyboard */ = {
			isa = PBXVariantGroup;
			children = (
				5E05A1D21AD44E11000AF4D0 /* Base */,
			);
			name = Main.storyboard;
			sourceTree = "<group>";
		};
		5E05A1D61AD44E11000AF4D0 /* LaunchScreen.xib */ = {
			isa = PBXVariantGroup;
			children = (
				5E05A1D71AD44E11000AF4D0 /* Base */,
			);
			name = LaunchScreen.xib;
			sourceTree = "<group>";
		};
/* End PBXVariantGroup section */

/* Begin XCBuildConfiguration section */
		5E05A1E51AD44E11000AF4D0 /* Debug */ = {
			isa = XCBuildConfiguration;
			buildSettings = {
				ALWAYS_SEARCH_USER_PATHS = NO;
				CLANG_CXX_LANGUAGE_STANDARD = "gnu++0x";
				CLANG_CXX_LIBRARY = "libc++";
				CLANG_ENABLE_MODULES = YES;
				CLANG_ENABLE_OBJC_ARC = YES;
				CLANG_WARN_BOOL_CONVERSION = YES;
				CLANG_WARN_CONSTANT_CONVERSION = YES;
				CLANG_WARN_DIRECT_OBJC_ISA_USAGE = YES_ERROR;
				CLANG_WARN_EMPTY_BODY = YES;
				CLANG_WARN_ENUM_CONVERSION = YES;
				CLANG_WARN_INT_CONVERSION = YES;
				CLANG_WARN_OBJC_ROOT_CLASS = YES_ERROR;
				CLANG_WARN_UNREACHABLE_CODE = YES;
				CLANG_WARN__DUPLICATE_METHOD_MATCH = YES;
				"CODE_SIGN_IDENTITY[sdk=iphoneos*]" = "iPhone Developer";
				COPY_PHASE_STRIP = NO;
				ENABLE_STRICT_OBJC_MSGSEND = YES;
				GCC_C_LANGUAGE_STANDARD = gnu99;
				GCC_DYNAMIC_NO_PIC = NO;
				GCC_OPTIMIZATION_LEVEL = 0;
				GCC_PREPROCESSOR_DEFINITIONS = (
					"DEBUG=1",
					"$(inherited)",
				);
				GCC_SYMBOLS_PRIVATE_EXTERN = NO;
				GCC_WARN_64_TO_32_BIT_CONVERSION = YES;
				GCC_WARN_ABOUT_RETURN_TYPE = YES_ERROR;
				GCC_WARN_UNDECLARED_SELECTOR = YES;
				GCC_WARN_UNINITIALIZED_AUTOS = YES_AGGRESSIVE;
				GCC_WARN_UNUSED_FUNCTION = YES;
				GCC_WARN_UNUSED_VARIABLE = YES;
				IPHONEOS_DEPLOYMENT_TARGET = 8.1;
				MTL_ENABLE_DEBUG_INFO = YES;
				ONLY_ACTIVE_ARCH = YES;
				SDKROOT = iphoneos;
			};
			name = Debug;
		};
		5E05A1E61AD44E11000AF4D0 /* Release */ = {
			isa = XCBuildConfiguration;
			buildSettings = {
				ALWAYS_SEARCH_USER_PATHS = NO;
				CLANG_CXX_LANGUAGE_STANDARD = "gnu++0x";
				CLANG_CXX_LIBRARY = "libc++";
				CLANG_ENABLE_MODULES = YES;
				CLANG_ENABLE_OBJC_ARC = YES;
				CLANG_WARN_BOOL_CONVERSION = YES;
				CLANG_WARN_CONSTANT_CONVERSION = YES;
				CLANG_WARN_DIRECT_OBJC_ISA_USAGE = YES_ERROR;
				CLANG_WARN_EMPTY_BODY = YES;
				CLANG_WARN_ENUM_CONVERSION = YES;
				CLANG_WARN_INT_CONVERSION = YES;
				CLANG_WARN_OBJC_ROOT_CLASS = YES_ERROR;
				CLANG_WARN_UNREACHABLE_CODE = YES;
				CLANG_WARN__DUPLICATE_METHOD_MATCH = YES;
				"CODE_SIGN_IDENTITY[sdk=iphoneos*]" = "iPhone Developer";
				COPY_PHASE_STRIP = YES;
				ENABLE_NS_ASSERTIONS = NO;
				ENABLE_STRICT_OBJC_MSGSEND = YES;
				GCC_C_LANGUAGE_STANDARD = gnu99;
				GCC_WARN_64_TO_32_BIT_CONVERSION = YES;
				GCC_WARN_ABOUT_RETURN_TYPE = YES_ERROR;
				GCC_WARN_UNDECLARED_SELECTOR = YES;
				GCC_WARN_UNINITIALIZED_AUTOS = YES_AGGRESSIVE;
				GCC_WARN_UNUSED_FUNCTION = YES;
				GCC_WARN_UNUSED_VARIABLE = YES;
				IPHONEOS_DEPLOYMENT_TARGET = 8.1;
				MTL_ENABLE_DEBUG_INFO = NO;
				SDKROOT = iphoneos;
				VALIDATE_PRODUCT = YES;
			};
			name = Release;
		};
		5E05A1E81AD44E11000AF4D0 /* Debug */ = {
			isa = XCBuildConfiguration;
			buildSettings = {
				ASSETCATALOG_COMPILER_APPICON_NAME = AppIcon;
				INFOPLIST_FILE = Donation/Info.plist;
				LD_RUNPATH_SEARCH_PATHS = "$(inherited) @executable_path/Frameworks";
				PRODUCT_NAME = "$(TARGET_NAME)";
			};
			name = Debug;
		};
		5E05A1E91AD44E11000AF4D0 /* Release */ = {
			isa = XCBuildConfiguration;
			buildSettings = {
				ASSETCATALOG_COMPILER_APPICON_NAME = AppIcon;
				INFOPLIST_FILE = Donation/Info.plist;
				LD_RUNPATH_SEARCH_PATHS = "$(inherited) @executable_path/Frameworks";
				PRODUCT_NAME = "$(TARGET_NAME)";
			};
			name = Release;
		};
		5E05A1EB1AD44E11000AF4D0 /* Debug */ = {
			isa = XCBuildConfiguration;
			buildSettings = {
				BUNDLE_LOADER = "$(TEST_HOST)";
				FRAMEWORK_SEARCH_PATHS = (
					"$(SDKROOT)/Developer/Library/Frameworks",
					"$(inherited)",
				);
				GCC_PREPROCESSOR_DEFINITIONS = (
					"DEBUG=1",
					"$(inherited)",
				);
				INFOPLIST_FILE = DonationTests/Info.plist;
				LD_RUNPATH_SEARCH_PATHS = "$(inherited) @executable_path/Frameworks @loader_path/Frameworks";
				PRODUCT_NAME = "$(TARGET_NAME)";
				TEST_HOST = "$(BUILT_PRODUCTS_DIR)/Donation.app/Donation";
			};
			name = Debug;
		};
		5E05A1EC1AD44E11000AF4D0 /* Release */ = {
			isa = XCBuildConfiguration;
			buildSettings = {
				BUNDLE_LOADER = "$(TEST_HOST)";
				FRAMEWORK_SEARCH_PATHS = (
					"$(SDKROOT)/Developer/Library/Frameworks",
					"$(inherited)",
				);
				INFOPLIST_FILE = DonationTests/Info.plist;
				LD_RUNPATH_SEARCH_PATHS = "$(inherited) @executable_path/Frameworks @loader_path/Frameworks";
				PRODUCT_NAME = "$(TARGET_NAME)";
				TEST_HOST = "$(BUILT_PRODUCTS_DIR)/Donation.app/Donation";
			};
			name = Release;
		};
/* End XCBuildConfiguration section */

/* Begin XCConfigurationList section */
		5E05A1BF1AD44E10000AF4D0 /* Build configuration list for PBXProject "Donation" */ = {
			isa = XCConfigurationList;
			buildConfigurations = (
				5E05A1E51AD44E11000AF4D0 /* Debug */,
				5E05A1E61AD44E11000AF4D0 /* Release */,
			);
			defaultConfigurationIsVisible = 0;
			defaultConfigurationName = Release;
		};
		5E05A1E71AD44E11000AF4D0 /* Build configuration list for PBXNativeTarget "Donation" */ = {
			isa = XCConfigurationList;
			buildConfigurations = (
				5E05A1E81AD44E11000AF4D0 /* Debug */,
				5E05A1E91AD44E11000AF4D0 /* Release */,
			);
			defaultConfigurationIsVisible = 0;
		};
		5E05A1EA1AD44E11000AF4D0 /* Build configuration list for PBXNativeTarget "DonationTests" */ = {
			isa = XCConfigurationList;
			buildConfigurations = (
				5E05A1EB1AD44E11000AF4D0 /* Debug */,
				5E05A1EC1AD44E11000AF4D0 /* Release */,
			);
			defaultConfigurationIsVisible = 0;
		};
/* End XCConfigurationList section */
	};
	rootObject = 5E05A1BC1AD44E10000AF4D0 /* Project object */;
}
